
Microsoft Visual Studio Solution File, Format Version 12.00
# Visual Studio 15
VisualStudioVersion = 15.0.28307.168
MinimumVisualStudioVersion = 10.0.40219.1
Project("{9A19103F-16F7-4668-BE54-9A1E7A4F7556}") = "DuplicateFileFinder", "DuplicateFileFinder\DuplicateFileFinder.csproj", "{C677B755-C9BC-47FD-BAEE-7610BE288519}"
EndProject
Project("{9A19103F-16F7-4668-BE54-9A1E7A4F7556}") = "DuplicateFileFinder.Tests", "DuplicateFileFinder.Tests\DuplicateFileFinder.Tests.csproj", "{EA3B6D39-300B-4CC3-AD8B-EB3947820916}"
EndProject
Project("{9A19103F-16F7-4668-BE54-9A1E7A4F7556}") = "DuplicateFileFinder.ConsoleApp", "DuplicateFileFinder.Console\DuplicateFileFinder.ConsoleApp.csproj", "{385048E7-0449-4867-A7B4-9D396E58D1DD}"
EndProject
Global
	GlobalSection(SolutionConfigurationPlatforms) = preSolution
		Debug|Any CPU = Debug|Any CPU
		Release|Any CPU = Release|Any CPU
	EndGlobalSection
	GlobalSection(ProjectConfigurationPlatforms) = postSolution
		{C677B755-C9BC-47FD-BAEE-7610BE288519}.Debug|Any CPU.ActiveCfg = Debug|Any CPU
		{C677B755-C9BC-47FD-BAEE-7610BE288519}.Debug|Any CPU.Build.0 = Debug|Any CPU
		{C677B755-C9BC-47FD-BAEE-7610BE288519}.Release|Any CPU.ActiveCfg = Release|Any CPU
		{C677B755-C9BC-47FD-BAEE-7610BE288519}.Release|Any CPU.Build.0 = Release|Any CPU
		{EA3B6D39-300B-4CC3-AD8B-EB3947820916}.Debug|Any CPU.ActiveCfg = Debug|Any CPU
		{EA3B6D39-300B-4CC3-AD8B-EB3947820916}.Debug|Any CPU.Build.0 = Debug|Any CPU
		{EA3B6D39-300B-4CC3-AD8B-EB3947820916}.Release|Any CPU.ActiveCfg = Release|Any CPU
		{EA3B6D39-300B-4CC3-AD8B-EB3947820916}.Release|Any CPU.Build.0 = Release|Any CPU
		{385048E7-0449-4867-A7B4-9D396E58D1DD}.Debug|Any CPU.ActiveCfg = Debug|Any CPU
		{385048E7-0449-4867-A7B4-9D396E58D1DD}.Debug|Any CPU.Build.0 = Debug|Any CPU
		{385048E7-0449-4867-A7B4-9D396E58D1DD}.Release|Any CPU.ActiveCfg = Release|Any CPU
		{385048E7-0449-4867-A7B4-9D396E58D1DD}.Release|Any CPU.Build.0 = Release|Any CPU
	EndGlobalSection
	GlobalSection(SolutionProperties) = preSolution
		HideSolutionNode = FALSE
	EndGlobalSection
	GlobalSection(ExtensibilityGlobals) = postSolution
		SolutionGuid = {D70DE582-45BD-46C6-86BF-07861CAAAE4E}
	EndGlobalSection
EndGlobal
